# This is a Gradle generated file for dependency locking.
# Manual edits can break the build and are not advised.
# This file is expected to be part of source control.
bio.terra:terra-test-runner:0.0.8-SNAPSHOT=compileClasspath,runtimeClasspath
ch.qos.logback:logback-classic:1.2.3=runtimeClasspath
ch.qos.logback:logback-core:1.2.3=runtimeClasspath
com.diffplug.durian:durian-collect:1.2.0=runtimeClasspath
com.diffplug.durian:durian-core:1.2.0=runtimeClasspath
com.diffplug.durian:durian-io:1.2.0=runtimeClasspath
com.diffplug.spotless:spotless-lib-extra:2.30.0=compileClasspath,runtimeClasspath
com.diffplug.spotless:spotless-lib:2.30.0=compileClasspath,runtimeClasspath
com.diffplug.spotless:spotless-plugin-gradle:6.11.0=compileClasspath,runtimeClasspath
com.fasterxml.jackson.core:jackson-annotations:2.13.3=runtimeClasspath
com.fasterxml.jackson.core:jackson-core:2.13.3=runtimeClasspath
com.fasterxml.jackson.core:jackson-databind:2.13.3=runtimeClasspath
com.fasterxml.jackson.dataformat:jackson-dataformat-yaml:2.13.3=runtimeClasspath
com.fasterxml.jackson.datatype:jackson-datatype-jsr310:2.13.3=runtimeClasspath
com.fasterxml.jackson.module:jackson-module-parameter-names:2.13.3=runtimeClasspath
com.fasterxml.jackson:jackson-bom:2.13.3=runtimeClasspath
com.github.java-json-tools:btf:1.3=runtimeClasspath
com.github.java-json-tools:jackson-coreutils-equivalence:1.0=runtimeClasspath
com.github.java-json-tools:jackson-coreutils:2.0=runtimeClasspath
com.github.java-json-tools:json-schema-core:1.2.14=runtimeClasspath
com.github.java-json-tools:json-schema-validator:2.2.14=runtimeClasspath
com.github.java-json-tools:msg-simple:1.2=runtimeClasspath
com.github.java-json-tools:uri-template:0.10=runtimeClasspath
com.google.android:annotations:4.1.1.4=runtimeClasspath
com.google.api-client:google-api-client:1.30.11=runtimeClasspath
com.google.api.grpc:proto-google-cloud-logging-v2:0.85.0=runtimeClasspath
com.google.api.grpc:proto-google-cloud-monitoring-v3:2.0.7=runtimeClasspath
com.google.api.grpc:proto-google-common-protos:2.0.0=runtimeClasspath
com.google.api.grpc:proto-google-iam-v1:1.0.2=runtimeClasspath
com.google.api:api-common:1.10.1=runtimeClasspath
com.google.api:gax-grpc:1.60.0=runtimeClasspath
com.google.api:gax-httpjson:0.77.0=runtimeClasspath
com.google.api:gax:1.60.0=runtimeClasspath
com.google.apis:google-api-services-bigquery:v2-rev20201022-1.30.10=runtimeClasspath
com.google.apis:google-api-services-container:v1-rev93-1.25.0=runtimeClasspath
com.google.apis:google-api-services-storage:v1-rev20200927-1.30.10=runtimeClasspath
com.google.auth:google-auth-library-credentials:0.22.0=runtimeClasspath
com.google.auth:google-auth-library-oauth2-http:0.22.0=runtimeClasspath
com.google.auto.value:auto-value-annotations:1.7.4=runtimeClasspath
com.google.cloud.tools.jib:com.google.cloud.tools.jib.gradle.plugin:3.2.0=compileClasspath,runtimeClasspath
com.google.cloud.tools:jib-build-plan:0.4.0=runtimeClasspath
com.google.cloud.tools:jib-gradle-plugin-extension-api:0.4.0=runtimeClasspath
com.google.cloud.tools:jib-plugins-extension-common:0.2.0=runtimeClasspath
com.google.cloud:google-cloud-bigquery:1.124.2=runtimeClasspath
com.google.cloud:google-cloud-core-grpc:1.93.4=runtimeClasspath
com.google.cloud:google-cloud-core-http:1.93.10=runtimeClasspath
com.google.cloud:google-cloud-core:1.93.10=runtimeClasspath
com.google.cloud:google-cloud-logging:1.102.0=runtimeClasspath
com.google.cloud:google-cloud-monitoring:2.0.7=runtimeClasspath
com.google.cloud:google-cloud-storage:1.113.2=runtimeClasspath
com.google.code.findbugs:jsr305:3.0.2=runtimeClasspath
com.google.code.gson:gson:2.8.6=runtimeClasspath
com.google.errorprone:error_prone_annotations:2.7.1=runtimeClasspath
com.google.guava:failureaccess:1.0.1=runtimeClasspath
com.google.guava:guava:31.0.1-jre=runtimeClasspath
com.google.guava:listenablefuture:9999.0-empty-to-avoid-conflict-with-guava=runtimeClasspath
com.google.http-client:google-http-client-apache-v2:1.34.0=runtimeClasspath
com.google.http-client:google-http-client-appengine:1.37.0=runtimeClasspath
com.google.http-client:google-http-client-jackson2:1.37.0=runtimeClasspath
com.google.http-client:google-http-client:1.37.0=runtimeClasspath
com.google.j2objc:j2objc-annotations:1.3=runtimeClasspath
com.google.oauth-client:google-oauth-client:1.31.1=runtimeClasspath
com.google.protobuf:protobuf-java-util:3.13.0=runtimeClasspath
com.google.protobuf:protobuf-java:3.13.0=runtimeClasspath
com.googlecode.concurrent-trees:concurrent-trees:2.6.1=runtimeClasspath
com.googlecode.javaewah:JavaEWAH:1.1.13=runtimeClasspath
com.googlecode.libphonenumber:libphonenumber:8.11.1=runtimeClasspath
com.squareup.okhttp3:logging-interceptor:3.14.9=runtimeClasspath
com.squareup.okhttp3:okhttp:3.14.9=runtimeClasspath
com.squareup.okio:okio:1.17.2=runtimeClasspath
com.sun.mail:mailapi:1.6.2=runtimeClasspath
commons-codec:commons-codec:1.15=runtimeClasspath
commons-logging:commons-logging:1.2=runtimeClasspath
de.undercouch.download:de.undercouch.download.gradle.plugin:5.0.1=compileClasspath,runtimeClasspath
de.undercouch:gradle-download-task:5.0.1=compileClasspath,runtimeClasspath
gradle.plugin.com.github.spotbugs.snom:spotbugs-gradle-plugin:4.7.5=compileClasspath,runtimeClasspath
gradle.plugin.com.google.cloud.tools:jib-gradle-plugin:3.2.0=compileClasspath,runtimeClasspath
gradle.plugin.org.hidetake:gradle-swagger-generator-plugin:2.19.1=compileClasspath,runtimeClasspath
io.grpc:grpc-alts:1.33.1=runtimeClasspath
io.grpc:grpc-api:1.33.1=runtimeClasspath
io.grpc:grpc-auth:1.33.1=runtimeClasspath
io.grpc:grpc-context:1.33.1=runtimeClasspath
io.grpc:grpc-core:1.33.1=runtimeClasspath
io.grpc:grpc-grpclb:1.33.1=runtimeClasspath
io.grpc:grpc-netty-shaded:1.33.1=runtimeClasspath
io.grpc:grpc-protobuf-lite:1.33.1=runtimeClasspath
io.grpc:grpc-protobuf:1.33.1=runtimeClasspath
io.grpc:grpc-stub:1.33.1=runtimeClasspath
io.gsonfire:gson-fire:1.8.4=runtimeClasspath
io.kubernetes:client-java-api:10.0.0=runtimeClasspath
io.kubernetes:client-java-proto:10.0.0=runtimeClasspath
io.kubernetes:client-java:10.0.0=runtimeClasspath
io.opencensus:opencensus-api:0.24.0=runtimeClasspath
io.opencensus:opencensus-contrib-http-util:0.24.0=runtimeClasspath
io.perfmark:perfmark-api:0.19.0=runtimeClasspath
io.prometheus:simpleclient:0.9.0=runtimeClasspath
io.prometheus:simpleclient_common:0.9.0=runtimeClasspath
io.prometheus:simpleclient_httpserver:0.9.0=runtimeClasspath
io.spring.dependency-management:io.spring.dependency-management.gradle.plugin:1.0.10.RELEASE=compileClasspath,runtimeClasspath
io.spring.gradle:dependency-management-plugin:1.0.10.RELEASE=compileClasspath
io.spring.gradle:dependency-management-plugin:1.0.13.RELEASE=runtimeClasspath
io.sundr:builder-annotations:0.22.0=runtimeClasspath
io.sundr:resourcecify-annotations:0.22.0=runtimeClasspath
io.sundr:sundr-codegen:0.22.0=runtimeClasspath
io.sundr:sundr-core:0.22.0=runtimeClasspath
io.swagger:swagger-annotations:1.6.2=runtimeClasspath
javax.annotation:javax.annotation-api:1.3.2=runtimeClasspath
joda-time:joda-time:2.10.6=runtimeClasspath
net.java.dev.jna:jna-platform:5.7.0=runtimeClasspath
net.java.dev.jna:jna:5.7.0=runtimeClasspath
net.sf.jopt-simple:jopt-simple:5.0.4=runtimeClasspath
org.antlr:antlr4-runtime:4.7.2=runtimeClasspath
org.apache.commons:commons-collections4:4.4=runtimeClasspath
org.apache.commons:commons-compress:1.21=runtimeClasspath
org.apache.commons:commons-lang3:3.11=runtimeClasspath
org.apache.commons:commons-math3:3.6.1=runtimeClasspath
org.apache.httpcomponents:httpclient:4.5.13=runtimeClasspath
org.apache.httpcomponents:httpcore:4.4.13=runtimeClasspath
org.bitbucket.b_c:jose4j:0.7.2=runtimeClasspath
org.bouncycastle:bcpkix-jdk15on:1.66=runtimeClasspath
org.bouncycastle:bcprov-ext-jdk15on:1.66=runtimeClasspath
org.bouncycastle:bcprov-jdk15on:1.66=runtimeClasspath
org.checkerframework:checker-compat-qual:2.5.5=runtimeClasspath
org.checkerframework:checker-qual:3.12.0=runtimeClasspath
org.codehaus.groovy:groovy-xml:3.0.10=runtimeClasspath
org.codehaus.groovy:groovy:3.0.10=runtimeClasspath
org.codehaus.mojo:animal-sniffer-annotations:1.19=runtimeClasspath
org.conscrypt:conscrypt-openjdk-uber:2.5.1=runtimeClasspath
org.eclipse.jgit:org.eclipse.jgit:5.13.1.202206130422-r=runtimeClasspath
org.hidetake.swagger.generator:org.hidetake.swagger.generator.gradle.plugin:2.19.1=compileClasspath,runtimeClasspath
org.joda:joda-convert:2.2.1=runtimeClasspath
org.mozilla:rhino:1.7.7.2=runtimeClasspath
org.ow2.asm:asm:9.2=runtimeClasspath
org.slf4j:slf4j-api:1.7.30=runtimeClasspath
org.springframework.boot:spring-boot-buildpack-platform:2.7.3=runtimeClasspath
org.springframework.boot:spring-boot-gradle-plugin:2.7.3=compileClasspath,runtimeClasspath
org.springframework.boot:spring-boot-loader-tools:2.7.3=runtimeClasspath
org.springframework:spring-core:5.3.22=runtimeClasspath
org.springframework:spring-jcl:5.3.22=runtimeClasspath
org.threeten:threetenbp:1.5.0=runtimeClasspath
org.tomlj:tomlj:1.0.0=runtimeClasspath
org.yaml:snakeyaml:1.30=runtimeClasspath
empty=annotationProcessor
